
Microsoft Visual Studio Solution File, Format Version 12.00
# Visual Studio Version 17
VisualStudioVersion = 17.2.32616.157
MinimumVisualStudioVersion = 10.0.40219.1
Project("{9A19103F-16F7-4668-BE54-9A1E7A4F7556}") = "CursoOnline.DominioTest", "test\CursoOnline.DominioTest\CursoOnline.DominioTest.csproj", "{F860EBB2-EDAC-4648-90DA-74F96D286A3C}"
EndProject
Project("{9A19103F-16F7-4668-BE54-9A1E7A4F7556}") = "CursoOnline.Dominio", "src\CursoOnline.Dominio\CursoOnline.Dominio.csproj", "{9DD30DC5-13E8-4522-B0CC-CB536491F4EB}"
	ProjectSection(ProjectDependencies) = postProject
		{E31F4D6F-5245-4EC2-B45A-022223D7BA78} = {E31F4D6F-5245-4EC2-B45A-022223D7BA78}
	EndProjectSection
EndProject
Project("{9A19103F-16F7-4668-BE54-9A1E7A4F7556}") = "CursoOnline.Infra", "src\CursoOnline.Infra\CursoOnline.Infra.csproj", "{E31F4D6F-5245-4EC2-B45A-022223D7BA78}"
EndProject
Project("{FAE04EC0-301F-11D3-BF4B-00C04F79EFBC}") = "CursoOnline.Aplicacao", "src\CursoOnline.Aplicacao\CursoOnline.Aplicacao.csproj", "{33EF0388-25DC-46B1-9564-3080FAB69D2D}"
EndProject
Global
	GlobalSection(SolutionConfigurationPlatforms) = preSolution
		Debug|Any CPU = Debug|Any CPU
		Release|Any CPU = Release|Any CPU
	EndGlobalSection
	GlobalSection(ProjectConfigurationPlatforms) = postSolution
		{F860EBB2-EDAC-4648-90DA-74F96D286A3C}.Debug|Any CPU.ActiveCfg = Debug|Any CPU
		{F860EBB2-EDAC-4648-90DA-74F96D286A3C}.Debug|Any CPU.Build.0 = Debug|Any CPU
		{F860EBB2-EDAC-4648-90DA-74F96D286A3C}.Release|Any CPU.ActiveCfg = Release|Any CPU
		{F860EBB2-EDAC-4648-90DA-74F96D286A3C}.Release|Any CPU.Build.0 = Release|Any CPU
		{9DD30DC5-13E8-4522-B0CC-CB536491F4EB}.Debug|Any CPU.ActiveCfg = Debug|Any CPU
		{9DD30DC5-13E8-4522-B0CC-CB536491F4EB}.Debug|Any CPU.Build.0 = Debug|Any CPU
		{9DD30DC5-13E8-4522-B0CC-CB536491F4EB}.Release|Any CPU.ActiveCfg = Release|Any CPU
		{9DD30DC5-13E8-4522-B0CC-CB536491F4EB}.Release|Any CPU.Build.0 = Release|Any CPU
		{E31F4D6F-5245-4EC2-B45A-022223D7BA78}.Debug|Any CPU.ActiveCfg = Debug|Any CPU
		{E31F4D6F-5245-4EC2-B45A-022223D7BA78}.Debug|Any CPU.Build.0 = Debug|Any CPU
		{E31F4D6F-5245-4EC2-B45A-022223D7BA78}.Release|Any CPU.ActiveCfg = Release|Any CPU
		{E31F4D6F-5245-4EC2-B45A-022223D7BA78}.Release|Any CPU.Build.0 = Release|Any CPU
		{33EF0388-25DC-46B1-9564-3080FAB69D2D}.Debug|Any CPU.ActiveCfg = Debug|Any CPU
		{33EF0388-25DC-46B1-9564-3080FAB69D2D}.Debug|Any CPU.Build.0 = Debug|Any CPU
		{33EF0388-25DC-46B1-9564-3080FAB69D2D}.Release|Any CPU.ActiveCfg = Release|Any CPU
		{33EF0388-25DC-46B1-9564-3080FAB69D2D}.Release|Any CPU.Build.0 = Release|Any CPU
	EndGlobalSection
	GlobalSection(SolutionProperties) = preSolution
		HideSolutionNode = FALSE
	EndGlobalSection
	GlobalSection(ExtensibilityGlobals) = postSolution
		SolutionGuid = {BD847A4E-9B06-4D63-9CD6-8E498C4CE580}
	EndGlobalSection
EndGlobal
